
Microsoft Visual Studio Solution File, Format Version 12.00
# Visual Studio Version 17
VisualStudioVersion = 17.5.33627.172
MinimumVisualStudioVersion = 10.0.40219.1
Project("{FAE04EC0-301F-11D3-BF4B-00C04F79EFBC}") = "SuperHero", "SuperHero\SuperHero.csproj", "{88543F6E-B5FC-4C93-9DB2-21F5C799D764}"
EndProject
Global
	GlobalSection(SolutionConfigurationPlatforms) = preSolution
		Debug|Any CPU = Debug|Any CPU
		Release|Any CPU = Release|Any CPU
	EndGlobalSection
	GlobalSection(ProjectConfigurationPlatforms) = postSolution
		{88543F6E-B5FC-4C93-9DB2-21F5C799D764}.Debug|Any CPU.ActiveCfg = Debug|Any CPU
		{88543F6E-B5FC-4C93-9DB2-21F5C799D764}.Debug|Any CPU.Build.0 = Debug|Any CPU
		{88543F6E-B5FC-4C93-9DB2-21F5C799D764}.Release|Any CPU.ActiveCfg = Release|Any CPU
		{88543F6E-B5FC-4C93-9DB2-21F5C799D764}.Release|Any CPU.Build.0 = Release|Any CPU
	EndGlobalSection
	GlobalSection(SolutionProperties) = preSolution
		HideSolutionNode = FALSE
	EndGlobalSection
	GlobalSection(ExtensibilityGlobals) = postSolution
		SolutionGuid = {10C70535-7B6C-4B01-8018-F9D82E9BC173}
	EndGlobalSection
EndGlobal
